
Microsoft Visual Studio Solution File, Format Version 12.00
# Visual Studio Version 17
VisualStudioVersion = 17.10.35122.118
MinimumVisualStudioVersion = 10.0.40219.1
Project("{9A19103F-16F7-4668-BE54-9A1E7A4F7556}") = "ParticleLib", "ParticleLib\ParticleLib.csproj", "{E7A41AB1-781A-4E8C-968B-71B4AA68B82E}"
EndProject
Project("{9A19103F-16F7-4668-BE54-9A1E7A4F7556}") = "ParticleLib.Modern", "ParticleLib.Modern\ParticleLib.Modern.csproj", "{CAFE12A4-F317-4A5C-B419-27C8BF0543ED}"
EndProject
Project("{9A19103F-16F7-4668-BE54-9A1E7A4F7556}") = "ParticleLib.Modern.Tests", "ParticleLib.Modern.Tests\ParticleLib.Modern.Tests.csproj", "{CFBBDE66-6F83-476F-A435-EEFD959FA417}"
EndProject
Project("{FAE04EC0-301F-11D3-BF4B-00C04F79EFBC}") = "ParticleLib.Benchmarks", "ParticleLib.Benchmarks\ParticleLib.Benchmarks.csproj", "{02DE627C-7677-418D-8E3E-78F1272AD0F6}"
EndProject
Project("{FAE04EC0-301F-11D3-BF4B-00C04F79EFBC}") = "ParticleLib.PerformanceTest", "ParticleLib.PerformanceTest\ParticleLib.PerformanceTest.csproj", "{2C27634F-B3AE-474A-AEE8-4BCCFAFE05B7}"
EndProject
Global
	GlobalSection(SolutionConfigurationPlatforms) = preSolution
		Debug|Any CPU = Debug|Any CPU
		Debug|x64 = Debug|x64
		Release|Any CPU = Release|Any CPU
		Release|x64 = Release|x64
	EndGlobalSection
	GlobalSection(ProjectConfigurationPlatforms) = postSolution
		{E7A41AB1-781A-4E8C-968B-71B4AA68B82E}.Debug|Any CPU.ActiveCfg = Debug|Any CPU
		{E7A41AB1-781A-4E8C-968B-71B4AA68B82E}.Debug|Any CPU.Build.0 = Debug|Any CPU
		{E7A41AB1-781A-4E8C-968B-71B4AA68B82E}.Debug|x64.ActiveCfg = Debug|x64
		{E7A41AB1-781A-4E8C-968B-71B4AA68B82E}.Debug|x64.Build.0 = Debug|x64
		{E7A41AB1-781A-4E8C-968B-71B4AA68B82E}.Release|Any CPU.ActiveCfg = Release|Any CPU
		{E7A41AB1-781A-4E8C-968B-71B4AA68B82E}.Release|Any CPU.Build.0 = Release|Any CPU
		{E7A41AB1-781A-4E8C-968B-71B4AA68B82E}.Release|x64.ActiveCfg = Release|x64
		{E7A41AB1-781A-4E8C-968B-71B4AA68B82E}.Release|x64.Build.0 = Release|x64
		{CAFE12A4-F317-4A5C-B419-27C8BF0543ED}.Debug|Any CPU.ActiveCfg = Debug|Any CPU
		{CAFE12A4-F317-4A5C-B419-27C8BF0543ED}.Debug|Any CPU.Build.0 = Debug|Any CPU
		{CAFE12A4-F317-4A5C-B419-27C8BF0543ED}.Debug|x64.ActiveCfg = Debug|Any CPU
		{CAFE12A4-F317-4A5C-B419-27C8BF0543ED}.Debug|x64.Build.0 = Debug|Any CPU
		{CAFE12A4-F317-4A5C-B419-27C8BF0543ED}.Release|Any CPU.ActiveCfg = Release|Any CPU
		{CAFE12A4-F317-4A5C-B419-27C8BF0543ED}.Release|Any CPU.Build.0 = Release|Any CPU
		{CAFE12A4-F317-4A5C-B419-27C8BF0543ED}.Release|x64.ActiveCfg = Release|Any CPU
		{CAFE12A4-F317-4A5C-B419-27C8BF0543ED}.Release|x64.Build.0 = Release|Any CPU
		{CFBBDE66-6F83-476F-A435-EEFD959FA417}.Debug|Any CPU.ActiveCfg = Debug|Any CPU
		{CFBBDE66-6F83-476F-A435-EEFD959FA417}.Debug|Any CPU.Build.0 = Debug|Any CPU
		{CFBBDE66-6F83-476F-A435-EEFD959FA417}.Debug|x64.ActiveCfg = Debug|Any CPU
		{CFBBDE66-6F83-476F-A435-EEFD959FA417}.Debug|x64.Build.0 = Debug|Any CPU
		{CFBBDE66-6F83-476F-A435-EEFD959FA417}.Release|Any CPU.ActiveCfg = Release|Any CPU
		{CFBBDE66-6F83-476F-A435-EEFD959FA417}.Release|Any CPU.Build.0 = Release|Any CPU
		{CFBBDE66-6F83-476F-A435-EEFD959FA417}.Release|x64.ActiveCfg = Release|Any CPU
		{CFBBDE66-6F83-476F-A435-EEFD959FA417}.Release|x64.Build.0 = Release|Any CPU
		{02DE627C-7677-418D-8E3E-78F1272AD0F6}.Debug|Any CPU.ActiveCfg = Debug|Any CPU
		{02DE627C-7677-418D-8E3E-78F1272AD0F6}.Debug|Any CPU.Build.0 = Debug|Any CPU
		{02DE627C-7677-418D-8E3E-78F1272AD0F6}.Debug|x64.ActiveCfg = Debug|Any CPU
		{02DE627C-7677-418D-8E3E-78F1272AD0F6}.Debug|x64.Build.0 = Debug|Any CPU
		{02DE627C-7677-418D-8E3E-78F1272AD0F6}.Release|Any CPU.ActiveCfg = Release|Any CPU
		{02DE627C-7677-418D-8E3E-78F1272AD0F6}.Release|Any CPU.Build.0 = Release|Any CPU
		{02DE627C-7677-418D-8E3E-78F1272AD0F6}.Release|x64.ActiveCfg = Release|Any CPU
		{02DE627C-7677-418D-8E3E-78F1272AD0F6}.Release|x64.Build.0 = Release|Any CPU
		{2C27634F-B3AE-474A-AEE8-4BCCFAFE05B7}.Debug|Any CPU.ActiveCfg = Debug|Any CPU
		{2C27634F-B3AE-474A-AEE8-4BCCFAFE05B7}.Debug|Any CPU.Build.0 = Debug|Any CPU
		{2C27634F-B3AE-474A-AEE8-4BCCFAFE05B7}.Debug|x64.ActiveCfg = Debug|Any CPU
		{2C27634F-B3AE-474A-AEE8-4BCCFAFE05B7}.Debug|x64.Build.0 = Debug|Any CPU
		{2C27634F-B3AE-474A-AEE8-4BCCFAFE05B7}.Release|Any CPU.ActiveCfg = Release|Any CPU
		{2C27634F-B3AE-474A-AEE8-4BCCFAFE05B7}.Release|Any CPU.Build.0 = Release|Any CPU
		{2C27634F-B3AE-474A-AEE8-4BCCFAFE05B7}.Release|x64.ActiveCfg = Release|Any CPU
		{2C27634F-B3AE-474A-AEE8-4BCCFAFE05B7}.Release|x64.Build.0 = Release|Any CPU
	EndGlobalSection
	GlobalSection(SolutionProperties) = preSolution
		HideSolutionNode = FALSE
	EndGlobalSection
	GlobalSection(ExtensibilityGlobals) = postSolution
		SolutionGuid = {5C176577-BA72-4BBF-B42B-8DCD7D6DE4A9}
	EndGlobalSection
EndGlobal
